// !$*UTF8*$!
{
	archiveVersion = 1;
	classes = {
	};
	objectVersion = 50;
	objects = {

/* Begin PBXBuildFile section */
		066049D82142CF820079421E /* NowPlayingViewController.swift in Sources */ = {isa = PBXBuildFile; fileRef = 066049D72142CF820079421E /* NowPlayingViewController.swift */; };
		06604A1C2145CC050079421E /* MovieCell.swift in Sources */ = {isa = PBXBuildFile; fileRef = 06604A1B2145CC050079421E /* MovieCell.swift */; };
		0699DE93214967680039430A /* PosterCell.swift in Sources */ = {isa = PBXBuildFile; fileRef = 0699DE92214967680039430A /* PosterCell.swift */; };
		0699DE95214968230039430A /* TopRatedViewController.swift in Sources */ = {isa = PBXBuildFile; fileRef = 0699DE94214968230039430A /* TopRatedViewController.swift */; };
		0699DE9B214F5E530039430A /* DetailViewController.swift in Sources */ = {isa = PBXBuildFile; fileRef = 0699DE9A214F5E530039430A /* DetailViewController.swift */; };
		06EE5E1521402D380003C21A /* AppDelegate.swift in Sources */ = {isa = PBXBuildFile; fileRef = 06EE5E1421402D380003C21A /* AppDelegate.swift */; };
		06EE5E1721402D380003C21A /* ViewController.swift in Sources */ = {isa = PBXBuildFile; fileRef = 06EE5E1621402D380003C21A /* ViewController.swift */; };
		06EE5E1A21402D380003C21A /* Main.storyboard in Resources */ = {isa = PBXBuildFile; fileRef = 06EE5E1821402D380003C21A /* Main.storyboard */; };
		06EE5E1C21402D3A0003C21A /* Assets.xcassets in Resources */ = {isa = PBXBuildFile; fileRef = 06EE5E1B21402D3A0003C21A /* Assets.xcassets */; };
		06EE5E1F21402D3A0003C21A /* LaunchScreen.storyboard in Resources */ = {isa = PBXBuildFile; fileRef = 06EE5E1D21402D3A0003C21A /* LaunchScreen.storyboard */; };
		06EE5E2A21402D3A0003C21A /* FlixTests.swift in Sources */ = {isa = PBXBuildFile; fileRef = 06EE5E2921402D3A0003C21A /* FlixTests.swift */; };
		06EE5E3521402D3A0003C21A /* FlixUITests.swift in Sources */ = {isa = PBXBuildFile; fileRef = 06EE5E3421402D3A0003C21A /* FlixUITests.swift */; };
		0863353805D4F1607F150BFF /* Pods_FlixTests.framework in Frameworks */ = {isa = PBXBuildFile; fileRef = 8FA398324A4D01769B23A830 /* Pods_FlixTests.framework */; };
		25D94AAF77FFBD8B1BA04A4F /* Pods_FlixUITests.framework in Frameworks */ = {isa = PBXBuildFile; fileRef = 79D8937CB915A0B2A77E97CA /* Pods_FlixUITests.framework */; };
		C96FE7293A051C0EAA2E1DD6 /* Pods_Flix.framework in Frameworks */ = {isa = PBXBuildFile; fileRef = C9463786F441FF77B710F021 /* Pods_Flix.framework */; };
/* End PBXBuildFile section */

/* Begin PBXContainerItemProxy section */
		06EE5E2621402D3A0003C21A /* PBXContainerItemProxy */ = {
			isa = PBXContainerItemProxy;
			containerPortal = 06EE5E0921402D380003C21A /* Project object */;
			proxyType = 1;
			remoteGlobalIDString = 06EE5E1021402D380003C21A;
			remoteInfo = Flix;
		};
		06EE5E3121402D3A0003C21A /* PBXContainerItemProxy */ = {
			isa = PBXContainerItemProxy;
			containerPortal = 06EE5E0921402D380003C21A /* Project object */;
			proxyType = 1;
			remoteGlobalIDString = 06EE5E1021402D380003C21A;
			remoteInfo = Flix;
		};
/* End PBXContainerItemProxy section */

/* Begin PBXFileReference section */
		066049D72142CF820079421E /* NowPlayingViewController.swift */ = {isa = PBXFileReference; lastKnownFileType = sourcecode.swift; path = NowPlayingViewController.swift; sourceTree = "<group>"; };
		06604A1B2145CC050079421E /* MovieCell.swift */ = {isa = PBXFileReference; lastKnownFileType = sourcecode.swift; path = MovieCell.swift; sourceTree = "<group>"; };
		0699DE92214967680039430A /* PosterCell.swift */ = {isa = PBXFileReference; lastKnownFileType = sourcecode.swift; path = PosterCell.swift; sourceTree = "<group>"; };
		0699DE94214968230039430A /* TopRatedViewController.swift */ = {isa = PBXFileReference; lastKnownFileType = sourcecode.swift; path = TopRatedViewController.swift; sourceTree = "<group>"; };
		0699DE9A214F5E530039430A /* DetailViewController.swift */ = {isa = PBXFileReference; lastKnownFileType = sourcecode.swift; path = DetailViewController.swift; sourceTree = "<group>"; };
		06EE5E1121402D380003C21A /* Flix.app */ = {isa = PBXFileReference; explicitFileType = wrapper.application; includeInIndex = 0; path = Flix.app; sourceTree = BUILT_PRODUCTS_DIR; };
		06EE5E1421402D380003C21A /* AppDelegate.swift */ = {isa = PBXFileReference; lastKnownFileType = sourcecode.swift; path = AppDelegate.swift; sourceTree = "<group>"; };
		06EE5E1621402D380003C21A /* ViewController.swift */ = {isa = PBXFileReference; lastKnownFileType = sourcecode.swift; path = ViewController.swift; sourceTree = "<group>"; };
		06EE5E1921402D380003C21A /* Base */ = {isa = PBXFileReference; lastKnownFileType = file.storyboard; name = Base; path = Base.lproj/Main.storyboard; sourceTree = "<group>"; };
		06EE5E1B21402D3A0003C21A /* Assets.xcassets */ = {isa = PBXFileReference; lastKnownFileType = folder.assetcatalog; path = Assets.xcassets; sourceTree = "<group>"; };
		06EE5E1E21402D3A0003C21A /* Base */ = {isa = PBXFileReference; lastKnownFileType = file.storyboard; name = Base; path = Base.lproj/LaunchScreen.storyboard; sourceTree = "<group>"; };
		06EE5E2021402D3A0003C21A /* Info.plist */ = {isa = PBXFileReference; lastKnownFileType = text.plist.xml; path = Info.plist; sourceTree = "<group>"; };
		06EE5E2521402D3A0003C21A /* FlixTests.xctest */ = {isa = PBXFileReference; explicitFileType = wrapper.cfbundle; includeInIndex = 0; path = FlixTests.xctest; sourceTree = BUILT_PRODUCTS_DIR; };
		06EE5E2921402D3A0003C21A /* FlixTests.swift */ = {isa = PBXFileReference; lastKnownFileType = sourcecode.swift; path = FlixTests.swift; sourceTree = "<group>"; };
		06EE5E2B21402D3A0003C21A /* Info.plist */ = {isa = PBXFileReference; lastKnownFileType = text.plist.xml; path = Info.plist; sourceTree = "<group>"; };
		06EE5E3021402D3A0003C21A /* FlixUITests.xctest */ = {isa = PBXFileReference; explicitFileType = wrapper.cfbundle; includeInIndex = 0; path = FlixUITests.xctest; sourceTree = BUILT_PRODUCTS_DIR; };
		06EE5E3421402D3A0003C21A /* FlixUITests.swift */ = {isa = PBXFileReference; lastKnownFileType = sourcecode.swift; path = FlixUITests.swift; sourceTree = "<group>"; };
		06EE5E3621402D3A0003C21A /* Info.plist */ = {isa = PBXFileReference; lastKnownFileType = text.plist.xml; path = Info.plist; sourceTree = "<group>"; };
		2D87656003D4EAC4D81C39BF /* Pods-Flix.release.xcconfig */ = {isa = PBXFileReference; includeInIndex = 1; lastKnownFileType = text.xcconfig; name = "Pods-Flix.release.xcconfig"; path = "Pods/Target Support Files/Pods-Flix/Pods-Flix.release.xcconfig"; sourceTree = "<group>"; };
		4BB79600E18AE62D745AD26D /* Pods-FlixUITests.release.xcconfig */ = {isa = PBXFileReference; includeInIndex = 1; lastKnownFileType = text.xcconfig; name = "Pods-FlixUITests.release.xcconfig"; path = "Pods/Target Support Files/Pods-FlixUITests/Pods-FlixUITests.release.xcconfig"; sourceTree = "<group>"; };
		5D5C3CC5428D8A49EB2DEB7B /* Pods-FlixUITests.debug.xcconfig */ = {isa = PBXFileReference; includeInIndex = 1; lastKnownFileType = text.xcconfig; name = "Pods-FlixUITests.debug.xcconfig"; path = "Pods/Target Support Files/Pods-FlixUITests/Pods-FlixUITests.debug.xcconfig"; sourceTree = "<group>"; };
		7399470ABDD4D4541B111E7F /* Pods-FlixTests.debug.xcconfig */ = {isa = PBXFileReference; includeInIndex = 1; lastKnownFileType = text.xcconfig; name = "Pods-FlixTests.debug.xcconfig"; path = "Pods/Target Support Files/Pods-FlixTests/Pods-FlixTests.debug.xcconfig"; sourceTree = "<group>"; };
		79D8937CB915A0B2A77E97CA /* Pods_FlixUITests.framework */ = {isa = PBXFileReference; explicitFileType = wrapper.framework; includeInIndex = 0; path = Pods_FlixUITests.framework; sourceTree = BUILT_PRODUCTS_DIR; };
		8FA398324A4D01769B23A830 /* Pods_FlixTests.framework */ = {isa = PBXFileReference; explicitFileType = wrapper.framework; includeInIndex = 0; path = Pods_FlixTests.framework; sourceTree = BUILT_PRODUCTS_DIR; };
		9A6A42570DBC1DC5AD43D6FA /* Pods-FlixTests.release.xcconfig */ = {isa = PBXFileReference; includeInIndex = 1; lastKnownFileType = text.xcconfig; name = "Pods-FlixTests.release.xcconfig"; path = "Pods/Target Support Files/Pods-FlixTests/Pods-FlixTests.release.xcconfig"; sourceTree = "<group>"; };
		C9463786F441FF77B710F021 /* Pods_Flix.framework */ = {isa = PBXFileReference; explicitFileType = wrapper.framework; includeInIndex = 0; path = Pods_Flix.framework; sourceTree = BUILT_PRODUCTS_DIR; };
		EECA0563CEF3B846BE84F3C9 /* Pods-Flix.debug.xcconfig */ = {isa = PBXFileReference; includeInIndex = 1; lastKnownFileType = text.xcconfig; name = "Pods-Flix.debug.xcconfig"; path = "Pods/Target Support Files/Pods-Flix/Pods-Flix.debug.xcconfig"; sourceTree = "<group>"; };
/* End PBXFileReference section */

/* Begin PBXFrameworksBuildPhase section */
		06EE5E0E21402D380003C21A /* Frameworks */ = {
			isa = PBXFrameworksBuildPhase;
			buildActionMask = 2147483647;
			files = (
				C96FE7293A051C0EAA2E1DD6 /* Pods_Flix.framework in Frameworks */,
			);
			runOnlyForDeploymentPostprocessing = 0;
		};
		06EE5E2221402D3A0003C21A /* Frameworks */ = {
			isa = PBXFrameworksBuildPhase;
			buildActionMask = 2147483647;
			files = (
				0863353805D4F1607F150BFF /* Pods_FlixTests.framework in Frameworks */,
			);
			runOnlyForDeploymentPostprocessing = 0;
		};
		06EE5E2D21402D3A0003C21A /* Frameworks */ = {
			isa = PBXFrameworksBuildPhase;
			buildActionMask = 2147483647;
			files = (
				25D94AAF77FFBD8B1BA04A4F /* Pods_FlixUITests.framework in Frameworks */,
			);
			runOnlyForDeploymentPostprocessing = 0;
		};
/* End PBXFrameworksBuildPhase section */

/* Begin PBXGroup section */
		0699DE98214F5DF80039430A /* View */ = {
			isa = PBXGroup;
			children = (
				06604A1B2145CC050079421E /* MovieCell.swift */,
				0699DE92214967680039430A /* PosterCell.swift */,
			);
			path = View;
			sourceTree = "<group>";
		};
		0699DE99214F5E020039430A /* ViewController */ = {
			isa = PBXGroup;
			children = (
				06EE5E1621402D380003C21A /* ViewController.swift */,
				066049D72142CF820079421E /* NowPlayingViewController.swift */,
				0699DE94214968230039430A /* TopRatedViewController.swift */,
				0699DE9A214F5E530039430A /* DetailViewController.swift */,
			);
			path = ViewController;
			sourceTree = "<group>";
		};
		06EE5E0821402D380003C21A = {
			isa = PBXGroup;
			children = (
				06EE5E1321402D380003C21A /* Flix */,
				06EE5E2821402D3A0003C21A /* FlixTests */,
				06EE5E3321402D3A0003C21A /* FlixUITests */,
				06EE5E1221402D380003C21A /* Products */,
				14AD4A8851D0D98253E33810 /* Pods */,
				2E8A9C41217F85B288C044C5 /* Frameworks */,
			);
			sourceTree = "<group>";
		};
		06EE5E1221402D380003C21A /* Products */ = {
			isa = PBXGroup;
			children = (
				06EE5E1121402D380003C21A /* Flix.app */,
				06EE5E2521402D3A0003C21A /* FlixTests.xctest */,
				06EE5E3021402D3A0003C21A /* FlixUITests.xctest */,
			);
			name = Products;
			sourceTree = "<group>";
		};
		06EE5E1321402D380003C21A /* Flix */ = {
			isa = PBXGroup;
			children = (
				0699DE99214F5E020039430A /* ViewController */,
				0699DE98214F5DF80039430A /* View */,
				06EE5E1421402D380003C21A /* AppDelegate.swift */,
				06EE5E1821402D380003C21A /* Main.storyboard */,
				06EE5E1B21402D3A0003C21A /* Assets.xcassets */,
				06EE5E1D21402D3A0003C21A /* LaunchScreen.storyboard */,
				06EE5E2021402D3A0003C21A /* Info.plist */,
			);
			path = Flix;
			sourceTree = "<group>";
		};
		06EE5E2821402D3A0003C21A /* FlixTests */ = {
			isa = PBXGroup;
			children = (
				06EE5E2921402D3A0003C21A /* FlixTests.swift */,
				06EE5E2B21402D3A0003C21A /* Info.plist */,
			);
			path = FlixTests;
			sourceTree = "<group>";
		};
		06EE5E3321402D3A0003C21A /* FlixUITests */ = {
			isa = PBXGroup;
			children = (
				06EE5E3421402D3A0003C21A /* FlixUITests.swift */,
				06EE5E3621402D3A0003C21A /* Info.plist */,
			);
			path = FlixUITests;
			sourceTree = "<group>";
		};
		14AD4A8851D0D98253E33810 /* Pods */ = {
			isa = PBXGroup;
			children = (
				EECA0563CEF3B846BE84F3C9 /* Pods-Flix.debug.xcconfig */,
				2D87656003D4EAC4D81C39BF /* Pods-Flix.release.xcconfig */,
				7399470ABDD4D4541B111E7F /* Pods-FlixTests.debug.xcconfig */,
				9A6A42570DBC1DC5AD43D6FA /* Pods-FlixTests.release.xcconfig */,
				5D5C3CC5428D8A49EB2DEB7B /* Pods-FlixUITests.debug.xcconfig */,
				4BB79600E18AE62D745AD26D /* Pods-FlixUITests.release.xcconfig */,
			);
			name = Pods;
			sourceTree = "<group>";
		};
		2E8A9C41217F85B288C044C5 /* Frameworks */ = {
			isa = PBXGroup;
			children = (
				C9463786F441FF77B710F021 /* Pods_Flix.framework */,
				8FA398324A4D01769B23A830 /* Pods_FlixTests.framework */,
				79D8937CB915A0B2A77E97CA /* Pods_FlixUITests.framework */,
			);
			name = Frameworks;
			sourceTree = "<group>";
		};
/* End PBXGroup section */

/* Begin PBXNativeTarget section */
		06EE5E1021402D380003C21A /* Flix */ = {
			isa = PBXNativeTarget;
			buildConfigurationList = 06EE5E3921402D3A0003C21A /* Build configuration list for PBXNativeTarget "Flix" */;
			buildPhases = (
				29709DB4069ABFA61FD0C537 /* [CP] Check Pods Manifest.lock */,
				06EE5E0D21402D380003C21A /* Sources */,
				06EE5E0E21402D380003C21A /* Frameworks */,
				06EE5E0F21402D380003C21A /* Resources */,
				D310F3B5C2683490E66BEC06 /* [CP] Embed Pods Frameworks */,
			);
			buildRules = (
			);
			dependencies = (
			);
			name = Flix;
			productName = Flix;
			productReference = 06EE5E1121402D380003C21A /* Flix.app */;
			productType = "com.apple.product-type.application";
		};
		06EE5E2421402D3A0003C21A /* FlixTests */ = {
			isa = PBXNativeTarget;
			buildConfigurationList = 06EE5E3C21402D3A0003C21A /* Build configuration list for PBXNativeTarget "FlixTests" */;
			buildPhases = (
				86CBF3EF40F299A6C262DFDC /* [CP] Check Pods Manifest.lock */,
				06EE5E2121402D3A0003C21A /* Sources */,
				06EE5E2221402D3A0003C21A /* Frameworks */,
				06EE5E2321402D3A0003C21A /* Resources */,
			);
			buildRules = (
			);
			dependencies = (
				06EE5E2721402D3A0003C21A /* PBXTargetDependency */,
			);
			name = FlixTests;
			productName = FlixTests;
			productReference = 06EE5E2521402D3A0003C21A /* FlixTests.xctest */;
			productType = "com.apple.product-type.bundle.unit-test";
		};
		06EE5E2F21402D3A0003C21A /* FlixUITests */ = {
			isa = PBXNativeTarget;
			buildConfigurationList = 06EE5E3F21402D3A0003C21A /* Build configuration list for PBXNativeTarget "FlixUITests" */;
			buildPhases = (
				D51764A981BD63DB8E619FA8 /* [CP] Check Pods Manifest.lock */,
				06EE5E2C21402D3A0003C21A /* Sources */,
				06EE5E2D21402D3A0003C21A /* Frameworks */,
				06EE5E2E21402D3A0003C21A /* Resources */,
			);
			buildRules = (
			);
			dependencies = (
				06EE5E3221402D3A0003C21A /* PBXTargetDependency */,
			);
			name = FlixUITests;
			productName = FlixUITests;
			productReference = 06EE5E3021402D3A0003C21A /* FlixUITests.xctest */;
			productType = "com.apple.product-type.bundle.ui-testing";
		};
/* End PBXNativeTarget section */

/* Begin PBXProject section */
		06EE5E0921402D380003C21A /* Project object */ = {
			isa = PBXProject;
			attributes = {
				LastSwiftUpdateCheck = 0940;
				LastUpgradeCheck = 0940;
				ORGANIZATIONNAME = "Joakim Jorde";
				TargetAttributes = {
					06EE5E1021402D380003C21A = {
						CreatedOnToolsVersion = 9.4.1;
					};
					06EE5E2421402D3A0003C21A = {
						CreatedOnToolsVersion = 9.4.1;
						TestTargetID = 06EE5E1021402D380003C21A;
					};
					06EE5E2F21402D3A0003C21A = {
						CreatedOnToolsVersion = 9.4.1;
						TestTargetID = 06EE5E1021402D380003C21A;
					};
				};
			};
			buildConfigurationList = 06EE5E0C21402D380003C21A /* Build configuration list for PBXProject "Flix" */;
			compatibilityVersion = "Xcode 9.3";
			developmentRegion = en;
			hasScannedForEncodings = 0;
			knownRegions = (
				en,
				Base,
			);
			mainGroup = 06EE5E0821402D380003C21A;
			productRefGroup = 06EE5E1221402D380003C21A /* Products */;
			projectDirPath = "";
			projectRoot = "";
			targets = (
				06EE5E1021402D380003C21A /* Flix */,
				06EE5E2421402D3A0003C21A /* FlixTests */,
				06EE5E2F21402D3A0003C21A /* FlixUITests */,
			);
		};
/* End PBXProject section */

/* Begin PBXResourcesBuildPhase section */
		06EE5E0F21402D380003C21A /* Resources */ = {
			isa = PBXResourcesBuildPhase;
			buildActionMask = 2147483647;
			files = (
				06EE5E1F21402D3A0003C21A /* LaunchScreen.storyboard in Resources */,
				06EE5E1C21402D3A0003C21A /* Assets.xcassets in Resources */,
				06EE5E1A21402D380003C21A /* Main.storyboard in Resources */,
			);
			runOnlyForDeploymentPostprocessing = 0;
		};
		06EE5E2321402D3A0003C21A /* Resources */ = {
			isa = PBXResourcesBuildPhase;
			buildActionMask = 2147483647;
			files = (
			);
			runOnlyForDeploymentPostprocessing = 0;
		};
		06EE5E2E21402D3A0003C21A /* Resources */ = {
			isa = PBXResourcesBuildPhase;
			buildActionMask = 2147483647;
			files = (
			);
			runOnlyForDeploymentPostprocessing = 0;
		};
/* End PBXResourcesBuildPhase section */

/* Begin PBXShellScriptBuildPhase section */
		29709DB4069ABFA61FD0C537 /* [CP] Check Pods Manifest.lock */ = {
			isa = PBXShellScriptBuildPhase;
			buildActionMask = 2147483647;
			files = (
			);
			inputPaths = (
				"${PODS_PODFILE_DIR_PATH}/Podfile.lock",
				"${PODS_ROOT}/Manifest.lock",
			);
			name = "[CP] Check Pods Manifest.lock";
			outputPaths = (
				"$(DERIVED_FILE_DIR)/Pods-Flix-checkManifestLockResult.txt",
			);
			runOnlyForDeploymentPostprocessing = 0;
			shellPath = /bin/sh;
			shellScript = "diff \"${PODS_PODFILE_DIR_PATH}/Podfile.lock\" \"${PODS_ROOT}/Manifest.lock\" > /dev/null\nif [ $? != 0 ] ; then\n    # print error to STDERR\n    echo \"error: The sandbox is not in sync with the Podfile.lock. Run 'pod install' or update your CocoaPods installation.\" >&2\n    exit 1\nfi\n# This output is used by Xcode 'outputs' to avoid re-running this script phase.\necho \"SUCCESS\" > \"${SCRIPT_OUTPUT_FILE_0}\"\n";
			showEnvVarsInLog = 0;
		};
		86CBF3EF40F299A6C262DFDC /* [CP] Check Pods Manifest.lock */ = {
			isa = PBXShellScriptBuildPhase;
			buildActionMask = 2147483647;
			files = (
			);
			inputPaths = (
				"${PODS_PODFILE_DIR_PATH}/Podfile.lock",
				"${PODS_ROOT}/Manifest.lock",
			);
			name = "[CP] Check Pods Manifest.lock";
			outputPaths = (
				"$(DERIVED_FILE_DIR)/Pods-FlixTests-checkManifestLockResult.txt",
			);
			runOnlyForDeploymentPostprocessing = 0;
			shellPath = /bin/sh;
			shellScript = "diff \"${PODS_PODFILE_DIR_PATH}/Podfile.lock\" \"${PODS_ROOT}/Manifest.lock\" > /dev/null\nif [ $? != 0 ] ; then\n    # print error to STDERR\n    echo \"error: The sandbox is not in sync with the Podfile.lock. Run 'pod install' or update your CocoaPods installation.\" >&2\n    exit 1\nfi\n# This output is used by Xcode 'outputs' to avoid re-running this script phase.\necho \"SUCCESS\" > \"${SCRIPT_OUTPUT_FILE_0}\"\n";
			showEnvVarsInLog = 0;
		};
		D310F3B5C2683490E66BEC06 /* [CP] Embed Pods Frameworks */ = {
			isa = PBXShellScriptBuildPhase;
			buildActionMask = 2147483647;
			files = (
			);
			inputPaths = (
				"${SRCROOT}/Pods/Target Support Files/Pods-Flix/Pods-Flix-frameworks.sh",
				"${BUILT_PRODUCTS_DIR}/Alamofire/Alamofire.framework",
				"${BUILT_PRODUCTS_DIR}/AlamofireImage/AlamofireImage.framework",
			);
			name = "[CP] Embed Pods Frameworks";
			outputPaths = (
				"${TARGET_BUILD_DIR}/${FRAMEWORKS_FOLDER_PATH}/Alamofire.framework",
				"${TARGET_BUILD_DIR}/${FRAMEWORKS_FOLDER_PATH}/AlamofireImage.framework",
			);
			runOnlyForDeploymentPostprocessing = 0;
			shellPath = /bin/sh;
			shellScript = "\"${SRCROOT}/Pods/Target Support Files/Pods-Flix/Pods-Flix-frameworks.sh\"\n";
			showEnvVarsInLog = 0;
		};
		D51764A981BD63DB8E619FA8 /* [CP] Check Pods Manifest.lock */ = {
			isa = PBXShellScriptBuildPhase;
			buildActionMask = 2147483647;
			files = (
			);
			inputPaths = (
				"${PODS_PODFILE_DIR_PATH}/Podfile.lock",
				"${PODS_ROOT}/Manifest.lock",
			);
			name = "[CP] Check Pods Manifest.lock";
			outputPaths = (
				"$(DERIVED_FILE_DIR)/Pods-FlixUITests-checkManifestLockResult.txt",
			);
			runOnlyForDeploymentPostprocessing = 0;
			shellPath = /bin/sh;
			shellScript = "diff \"${PODS_PODFILE_DIR_PATH}/Podfile.lock\" \"${PODS_ROOT}/Manifest.lock\" > /dev/null\nif [ $? != 0 ] ; then\n    # print error to STDERR\n    echo \"error: The sandbox is not in sync with the Podfile.lock. Run 'pod install' or update your CocoaPods installation.\" >&2\n    exit 1\nfi\n# This output is used by Xcode 'outputs' to avoid re-running this script phase.\necho \"SUCCESS\" > \"${SCRIPT_OUTPUT_FILE_0}\"\n";
			showEnvVarsInLog = 0;
		};
/* End PBXShellScriptBuildPhase section */

/* Begin PBXSourcesBuildPhase section */
		06EE5E0D21402D380003C21A /* Sources */ = {
			isa = PBXSourcesBuildPhase;
			buildActionMask = 2147483647;
			files = (
				06EE5E1721402D380003C21A /* ViewController.swift in Sources */,
				0699DE93214967680039430A /* PosterCell.swift in Sources */,
				066049D82142CF820079421E /* NowPlayingViewController.swift in Sources */,
				06604A1C2145CC050079421E /* MovieCell.swift in Sources */,
				06EE5E1521402D380003C21A /* AppDelegate.swift in Sources */,
				0699DE95214968230039430A /* TopRatedViewController.swift in Sources */,
				0699DE9B214F5E530039430A /* DetailViewController.swift in Sources */,
			);
			runOnlyForDeploymentPostprocessing = 0;
		};
		06EE5E2121402D3A0003C21A /* Sources */ = {
			isa = PBXSourcesBuildPhase;
			buildActionMask = 2147483647;
			files = (
				06EE5E2A21402D3A0003C21A /* FlixTests.swift in Sources */,
			);
			runOnlyForDeploymentPostprocessing = 0;
		};
		06EE5E2C21402D3A0003C21A /* Sources */ = {
			isa = PBXSourcesBuildPhase;
			buildActionMask = 2147483647;
			files = (
				06EE5E3521402D3A0003C21A /* FlixUITests.swift in Sources */,
			);
			runOnlyForDeploymentPostprocessing = 0;
		};
/* End PBXSourcesBuildPhase section */

/* Begin PBXTargetDependency section */
		06EE5E2721402D3A0003C21A /* PBXTargetDependency */ = {
			isa = PBXTargetDependency;
			target = 06EE5E1021402D380003C21A /* Flix */;
			targetProxy = 06EE5E2621402D3A0003C21A /* PBXContainerItemProxy */;
		};
		06EE5E3221402D3A0003C21A /* PBXTargetDependency */ = {
			isa = PBXTargetDependency;
			target = 06EE5E1021402D380003C21A /* Flix */;
			targetProxy = 06EE5E3121402D3A0003C21A /* PBXContainerItemProxy */;
		};
/* End PBXTargetDependency section */

/* Begin PBXVariantGroup section */
		06EE5E1821402D380003C21A /* Main.storyboard */ = {
			isa = PBXVariantGroup;
			children = (
				06EE5E1921402D380003C21A /* Base */,
			);
			name = Main.storyboard;
			sourceTree = "<group>";
		};
		06EE5E1D21402D3A0003C21A /* LaunchScreen.storyboard */ = {
			isa = PBXVariantGroup;
			children = (
				06EE5E1E21402D3A0003C21A /* Base */,
			);
			name = LaunchScreen.storyboard;
			sourceTree = "<group>";
		};
/* End PBXVariantGroup section */

/* Begin XCBuildConfiguration section */
		06EE5E3721402D3A0003C21A /* Debug */ = {
			isa = XCBuildConfiguration;
			buildSettings = {
				ALWAYS_SEARCH_USER_PATHS = NO;
				CLANG_ANALYZER_NONNULL = YES;
				CLANG_ANALYZER_NUMBER_OBJECT_CONVERSION = YES_AGGRESSIVE;
				CLANG_CXX_LANGUAGE_STANDARD = "gnu++14";
				CLANG_CXX_LIBRARY = "libc++";
				CLANG_ENABLE_MODULES = YES;
				CLANG_ENABLE_OBJC_ARC = YES;
				CLANG_ENABLE_OBJC_WEAK = YES;
				CLANG_WARN_BLOCK_CAPTURE_AUTORELEASING = YES;
				CLANG_WARN_BOOL_CONVERSION = YES;
				CLANG_WARN_COMMA = YES;
				CLANG_WARN_CONSTANT_CONVERSION = YES;
				CLANG_WARN_DEPRECATED_OBJC_IMPLEMENTATIONS = YES;
				CLANG_WARN_DIRECT_OBJC_ISA_USAGE = YES_ERROR;
				CLANG_WARN_DOCUMENTATION_COMMENTS = YES;
				CLANG_WARN_EMPTY_BODY = YES;
				CLANG_WARN_ENUM_CONVERSION = YES;
				CLANG_WARN_INFINITE_RECURSION = YES;
				CLANG_WARN_INT_CONVERSION = YES;
				CLANG_WARN_NON_LITERAL_NULL_CONVERSION = YES;
				CLANG_WARN_OBJC_IMPLICIT_RETAIN_SELF = YES;
				CLANG_WARN_OBJC_LITERAL_CONVERSION = YES;
				CLANG_WARN_OBJC_ROOT_CLASS = YES_ERROR;
				CLANG_WARN_RANGE_LOOP_ANALYSIS = YES;
				CLANG_WARN_STRICT_PROTOTYPES = YES;
				CLANG_WARN_SUSPICIOUS_MOVE = YES;
				CLANG_WARN_UNGUARDED_AVAILABILITY = YES_AGGRESSIVE;
				CLANG_WARN_UNREACHABLE_CODE = YES;
				CLANG_WARN__DUPLICATE_METHOD_MATCH = YES;
				CODE_SIGN_IDENTITY = "iPhone Developer";
				COPY_PHASE_STRIP = NO;
				DEBUG_INFORMATION_FORMAT = dwarf;
				ENABLE_STRICT_OBJC_MSGSEND = YES;
				ENABLE_TESTABILITY = YES;
				GCC_C_LANGUAGE_STANDARD = gnu11;
				GCC_DYNAMIC_NO_PIC = NO;
				GCC_NO_COMMON_BLOCKS = YES;
				GCC_OPTIMIZATION_LEVEL = 0;
				GCC_PREPROCESSOR_DEFINITIONS = (
					"DEBUG=1",
					"$(inherited)",
				);
				GCC_WARN_64_TO_32_BIT_CONVERSION = YES;
				GCC_WARN_ABOUT_RETURN_TYPE = YES_ERROR;
				GCC_WARN_UNDECLARED_SELECTOR = YES;
				GCC_WARN_UNINITIALIZED_AUTOS = YES_AGGRESSIVE;
				GCC_WARN_UNUSED_FUNCTION = YES;
				GCC_WARN_UNUSED_VARIABLE = YES;
				IPHONEOS_DEPLOYMENT_TARGET = 11.4;
				MTL_ENABLE_DEBUG_INFO = YES;
				ONLY_ACTIVE_ARCH = YES;
				SDKROOT = iphoneos;
				SWIFT_ACTIVE_COMPILATION_CONDITIONS = DEBUG;
				SWIFT_OPTIMIZATION_LEVEL = "-Onone";
			};
			name = Debug;
		};
		06EE5E3821402D3A0003C21A /* Release */ = {
			isa = XCBuildConfiguration;
			buildSettings = {
				ALWAYS_SEARCH_USER_PATHS = NO;
				CLANG_ANALYZER_NONNULL = YES;
				CLANG_ANALYZER_NUMBER_OBJECT_CONVERSION = YES_AGGRESSIVE;
				CLANG_CXX_LANGUAGE_STANDARD = "gnu++14";
				CLANG_CXX_LIBRARY = "libc++";
				CLANG_ENABLE_MODULES = YES;
				CLANG_ENABLE_OBJC_ARC = YES;
				CLANG_ENABLE_OBJC_WEAK = YES;
				CLANG_WARN_BLOCK_CAPTURE_AUTORELEASING = YES;
				CLANG_WARN_BOOL_CONVERSION = YES;
				CLANG_WARN_COMMA = YES;
				CLANG_WARN_CONSTANT_CONVERSION = YES;
				CLANG_WARN_DEPRECATED_OBJC_IMPLEMENTATIONS = YES;
				CLANG_WARN_DIRECT_OBJC_ISA_USAGE = YES_ERROR;
				CLANG_WARN_DOCUMENTATION_COMMENTS = YES;
				CLANG_WARN_EMPTY_BODY = YES;
				CLANG_WARN_ENUM_CONVERSION = YES;
				CLANG_WARN_INFINITE_RECURSION = YES;
				CLANG_WARN_INT_CONVERSION = YES;
				CLANG_WARN_NON_LITERAL_NULL_CONVERSION = YES;
				CLANG_WARN_OBJC_IMPLICIT_RETAIN_SELF = YES;
				CLANG_WARN_OBJC_LITERAL_CONVERSION = YES;
				CLANG_WARN_OBJC_ROOT_CLASS = YES_ERROR;
				CLANG_WARN_RANGE_LOOP_ANALYSIS = YES;
				CLANG_WARN_STRICT_PROTOTYPES = YES;
				CLANG_WARN_SUSPICIOUS_MOVE = YES;
				CLANG_WARN_UNGUARDED_AVAILABILITY = YES_AGGRESSIVE;
				CLANG_WARN_UNREACHABLE_CODE = YES;
				CLANG_WARN__DUPLICATE_METHOD_MATCH = YES;
				CODE_SIGN_IDENTITY = "iPhone Developer";
				COPY_PHASE_STRIP = NO;
				DEBUG_INFORMATION_FORMAT = "dwarf-with-dsym";
				ENABLE_NS_ASSERTIONS = NO;
				ENABLE_STRICT_OBJC_MSGSEND = YES;
				GCC_C_LANGUAGE_STANDARD = gnu11;
				GCC_NO_COMMON_BLOCKS = YES;
				GCC_WARN_64_TO_32_BIT_CONVERSION = YES;
				GCC_WARN_ABOUT_RETURN_TYPE = YES_ERROR;
				GCC_WARN_UNDECLARED_SELECTOR = YES;
				GCC_WARN_UNINITIALIZED_AUTOS = YES_AGGRESSIVE;
				GCC_WARN_UNUSED_FUNCTION = YES;
				GCC_WARN_UNUSED_VARIABLE = YES;
				IPHONEOS_DEPLOYMENT_TARGET = 11.4;
				MTL_ENABLE_DEBUG_INFO = NO;
				SDKROOT = iphoneos;
				SWIFT_COMPILATION_MODE = wholemodule;
				SWIFT_OPTIMIZATION_LEVEL = "-O";
				VALIDATE_PRODUCT = YES;
			};
			name = Release;
		};
		06EE5E3A21402D3A0003C21A /* Debug */ = {
			isa = XCBuildConfiguration;
			baseConfigurationReference = EECA0563CEF3B846BE84F3C9 /* Pods-Flix.debug.xcconfig */;
			buildSettings = {
				ASSETCATALOG_COMPILER_APPICON_NAME = AppIcon;
				CODE_SIGN_STYLE = Automatic;
				DEVELOPMENT_TEAM = 5EH2MKMV7H;
				INFOPLIST_FILE = Flix/Info.plist;
				LD_RUNPATH_SEARCH_PATHS = (
					"$(inherited)",
					"@executable_path/Frameworks",
				);
				PRODUCT_BUNDLE_IDENTIFIER = com.jorde.Flix;
				PRODUCT_NAME = "$(TARGET_NAME)";
				SWIFT_VERSION = 4.0;
				TARGETED_DEVICE_FAMILY = "1,2";
			};
			name = Debug;
		};
		06EE5E3B21402D3A0003C21A /* Release */ = {
			isa = XCBuildConfiguration;
			baseConfigurationReference = 2D87656003D4EAC4D81C39BF /* Pods-Flix.release.xcconfig */;
			buildSettings = {
				ASSETCATALOG_COMPILER_APPICON_NAME = AppIcon;
				CODE_SIGN_STYLE = Automatic;
				DEVELOPMENT_TEAM = 5EH2MKMV7H;
				INFOPLIST_FILE = Flix/Info.plist;
				LD_RUNPATH_SEARCH_PATHS = (
					"$(inherited)",
					"@executable_path/Frameworks",
				);
				PRODUCT_BUNDLE_IDENTIFIER = com.jorde.Flix;
				PRODUCT_NAME = "$(TARGET_NAME)";
				SWIFT_VERSION = 4.0;
				TARGETED_DEVICE_FAMILY = "1,2";
			};
			name = Release;
		};
		06EE5E3D21402D3A0003C21A /* Debug */ = {
			isa = XCBuildConfiguration;
			baseConfigurationReference = 7399470ABDD4D4541B111E7F /* Pods-FlixTests.debug.xcconfig */;
			buildSettings = {
				ALWAYS_EMBED_SWIFT_STANDARD_LIBRARIES = YES;
				BUNDLE_LOADER = "$(TEST_HOST)";
				CODE_SIGN_STYLE = Automatic;
				DEVELOPMENT_TEAM = 5EH2MKMV7H;
				INFOPLIST_FILE = FlixTests/Info.plist;
				LD_RUNPATH_SEARCH_PATHS = (
					"$(inherited)",
					"@executable_path/Frameworks",
					"@loader_path/Frameworks",
				);
				PRODUCT_BUNDLE_IDENTIFIER = com.jorde.FlixTests;
				PRODUCT_NAME = "$(TARGET_NAME)";
				SWIFT_VERSION = 4.0;
				TARGETED_DEVICE_FAMILY = "1,2";
				TEST_HOST = "$(BUILT_PRODUCTS_DIR)/Flix.app/Flix";
			};
			name = Debug;
		};
		06EE5E3E21402D3A0003C21A /* Release */ = {
			isa = XCBuildConfiguration;
			baseConfigurationReference = 9A6A42570DBC1DC5AD43D6FA /* Pods-FlixTests.release.xcconfig */;
			buildSettings = {
				ALWAYS_EMBED_SWIFT_STANDARD_LIBRARIES = YES;
				BUNDLE_LOADER = "$(TEST_HOST)";
				CODE_SIGN_STYLE = Automatic;
				DEVELOPMENT_TEAM = 5EH2MKMV7H;
				INFOPLIST_FILE = FlixTests/Info.plist;
				LD_RUNPATH_SEARCH_PATHS = (
					"$(inherited)",
					"@executable_path/Frameworks",
					"@loader_path/Frameworks",
				);
				PRODUCT_BUNDLE_IDENTIFIER = com.jorde.FlixTests;
				PRODUCT_NAME = "$(TARGET_NAME)";
				SWIFT_VERSION = 4.0;
				TARGETED_DEVICE_FAMILY = "1,2";
				TEST_HOST = "$(BUILT_PRODUCTS_DIR)/Flix.app/Flix";
			};
			name = Release;
		};
		06EE5E4021402D3A0003C21A /* Debug */ = {
			isa = XCBuildConfiguration;
			baseConfigurationReference = 5D5C3CC5428D8A49EB2DEB7B /* Pods-FlixUITests.debug.xcconfig */;
			buildSettings = {
				ALWAYS_EMBED_SWIFT_STANDARD_LIBRARIES = YES;
				CODE_SIGN_STYLE = Automatic;
				DEVELOPMENT_TEAM = 5EH2MKMV7H;
				INFOPLIST_FILE = FlixUITests/Info.plist;
				LD_RUNPATH_SEARCH_PATHS = (
					"$(inherited)",
					"@executable_path/Frameworks",
					"@loader_path/Frameworks",
				);
				PRODUCT_BUNDLE_IDENTIFIER = com.jorde.FlixUITests;
				PRODUCT_NAME = "$(TARGET_NAME)";
				SWIFT_VERSION = 4.0;
				TARGETED_DEVICE_FAMILY = "1,2";
				TEST_TARGET_NAME = Flix;
			};
			name = Debug;
		};
		06EE5E4121402D3A0003C21A /* Release */ = {
			isa = XCBuildConfiguration;
			baseConfigurationReference = 4BB79600E18AE62D745AD26D /* Pods-FlixUITests.release.xcconfig */;
			buildSettings = {
				ALWAYS_EMBED_SWIFT_STANDARD_LIBRARIES = YES;
				CODE_SIGN_STYLE = Automatic;
				DEVELOPMENT_TEAM = 5EH2MKMV7H;
				INFOPLIST_FILE = FlixUITests/Info.plist;
				LD_RUNPATH_SEARCH_PATHS = (
					"$(inherited)",
					"@executable_path/Frameworks",
					"@loader_path/Frameworks",
				);
				PRODUCT_BUNDLE_IDENTIFIER = com.jorde.FlixUITests;
				PRODUCT_NAME = "$(TARGET_NAME)";
				SWIFT_VERSION = 4.0;
				TARGETED_DEVICE_FAMILY = "1,2";
				TEST_TARGET_NAME = Flix;
			};
			name = Release;
		};
/* End XCBuildConfiguration section */

/* Begin XCConfigurationList section */
		06EE5E0C21402D380003C21A /* Build configuration list for PBXProject "Flix" */ = {
			isa = XCConfigurationList;
			buildConfigurations = (
				06EE5E3721402D3A0003C21A /* Debug */,
				06EE5E3821402D3A0003C21A /* Release */,
			);
			defaultConfigurationIsVisible = 0;
			defaultConfigurationName = Release;
		};
		06EE5E3921402D3A0003C21A /* Build configuration list for PBXNativeTarget "Flix" */ = {
			isa = XCConfigurationList;
			buildConfigurations = (
				06EE5E3A21402D3A0003C21A /* Debug */,
				06EE5E3B21402D3A0003C21A /* Release */,
			);
			defaultConfigurationIsVisible = 0;
			defaultConfigurationName = Release;
		};
		06EE5E3C21402D3A0003C21A /* Build configuration list for PBXNativeTarget "FlixTests" */ = {
			isa = XCConfigurationList;
			buildConfigurations = (
				06EE5E3D21402D3A0003C21A /* Debug */,
				06EE5E3E21402D3A0003C21A /* Release */,
			);
			defaultConfigurationIsVisible = 0;
			defaultConfigurationName = Release;
		};
		06EE5E3F21402D3A0003C21A /* Build configuration list for PBXNativeTarget "FlixUITests" */ = {
			isa = XCConfigurationList;
			buildConfigurations = (
				06EE5E4021402D3A0003C21A /* Debug */,
				06EE5E4121402D3A0003C21A /* Release */,
			);
			defaultConfigurationIsVisible = 0;
			defaultConfigurationName = Release;
		};
/* End XCConfigurationList section */
	};
	rootObject = 06EE5E0921402D380003C21A /* Project object */;
}
